
Microsoft Visual Studio Solution File, Format Version 12.00
# Visual Studio 15
VisualStudioVersion = 15.0.26430.6
MinimumVisualStudioVersion = 10.0.40219.1
Project("{FAE04EC0-301F-11D3-BF4B-00C04F79EFBC}") = "JoshuaKearney.Measurements", "src\JoshuaKearney.Measurements\JoshuaKearney.Measurements.csproj", "{6AA7EBAD-4117-4607-AB2B-B23DB080F899}"
EndProject
Project("{FAE04EC0-301F-11D3-BF4B-00C04F79EFBC}") = "JoshuaKearney.Measurements.CsvConverters", "src\JoshuaKearney.Measurements.CsvConverters\JoshuaKearney.Measurements.CsvConverters.csproj", "{6C14F3D0-001F-454A-87A6-EBD7F8F30C7C}"
EndProject
Project("{FAE04EC0-301F-11D3-BF4B-00C04F79EFBC}") = "JoshuaKearney.Measurements.Testing", "src\JoshuaKearney.Measurements.Testing\JoshuaKearney.Measurements.Testing.csproj", "{300DE7FD-F94E-4CE5-9EA5-4B55DBDB02C5}"
EndProject
Project("{FAE04EC0-301F-11D3-BF4B-00C04F79EFBC}") = "JoshuaKearney.Measurements.UnitTests", "src\JoshuaKearney.Measurements.UnitTests\JoshuaKearney.Measurements.UnitTests.csproj", "{B3CD8269-0734-461D-A454-052A586B15C9}"
EndProject
Global
	GlobalSection(SolutionConfigurationPlatforms) = preSolution
		Debug|Any CPU = Debug|Any CPU
		Release|Any CPU = Release|Any CPU
	EndGlobalSection
	GlobalSection(ProjectConfigurationPlatforms) = postSolution
		{6AA7EBAD-4117-4607-AB2B-B23DB080F899}.Debug|Any CPU.ActiveCfg = Debug|Any CPU
		{6AA7EBAD-4117-4607-AB2B-B23DB080F899}.Debug|Any CPU.Build.0 = Debug|Any CPU
		{6AA7EBAD-4117-4607-AB2B-B23DB080F899}.Release|Any CPU.ActiveCfg = Release|Any CPU
		{6AA7EBAD-4117-4607-AB2B-B23DB080F899}.Release|Any CPU.Build.0 = Release|Any CPU
		{6C14F3D0-001F-454A-87A6-EBD7F8F30C7C}.Debug|Any CPU.ActiveCfg = Debug|Any CPU
		{6C14F3D0-001F-454A-87A6-EBD7F8F30C7C}.Debug|Any CPU.Build.0 = Debug|Any CPU
		{6C14F3D0-001F-454A-87A6-EBD7F8F30C7C}.Release|Any CPU.ActiveCfg = Release|Any CPU
		{6C14F3D0-001F-454A-87A6-EBD7F8F30C7C}.Release|Any CPU.Build.0 = Release|Any CPU
		{300DE7FD-F94E-4CE5-9EA5-4B55DBDB02C5}.Debug|Any CPU.ActiveCfg = Debug|Any CPU
		{300DE7FD-F94E-4CE5-9EA5-4B55DBDB02C5}.Debug|Any CPU.Build.0 = Debug|Any CPU
		{300DE7FD-F94E-4CE5-9EA5-4B55DBDB02C5}.Release|Any CPU.ActiveCfg = Release|Any CPU
		{300DE7FD-F94E-4CE5-9EA5-4B55DBDB02C5}.Release|Any CPU.Build.0 = Release|Any CPU
		{B3CD8269-0734-461D-A454-052A586B15C9}.Debug|Any CPU.ActiveCfg = Debug|Any CPU
		{B3CD8269-0734-461D-A454-052A586B15C9}.Debug|Any CPU.Build.0 = Debug|Any CPU
		{B3CD8269-0734-461D-A454-052A586B15C9}.Release|Any CPU.ActiveCfg = Release|Any CPU
		{B3CD8269-0734-461D-A454-052A586B15C9}.Release|Any CPU.Build.0 = Release|Any CPU
	EndGlobalSection
	GlobalSection(SolutionProperties) = preSolution
		HideSolutionNode = FALSE
	EndGlobalSection
EndGlobal
